// !$*UTF8*$!
{
	archiveVersion = 1;
	classes = {
	};
	objectVersion = 48;
	objects = {

/* Begin PBXBuildFile section */
		CF4E00351F87C71E004567B3 /* AppDelegate.swift in Sources */ = {isa = PBXBuildFile; fileRef = CF4E00341F87C71E004567B3 /* AppDelegate.swift */; };
		CF4E00371F87C71E004567B3 /* ViewController.swift in Sources */ = {isa = PBXBuildFile; fileRef = CF4E00361F87C71E004567B3 /* ViewController.swift */; };
		CF4E003A1F87C71E004567B3 /* Main.storyboard in Resources */ = {isa = PBXBuildFile; fileRef = CF4E00381F87C71E004567B3 /* Main.storyboard */; };
		CF4E003C1F87C71E004567B3 /* Assets.xcassets in Resources */ = {isa = PBXBuildFile; fileRef = CF4E003B1F87C71E004567B3 /* Assets.xcassets */; };
		CF4E003F1F87C71E004567B3 /* LaunchScreen.storyboard in Resources */ = {isa = PBXBuildFile; fileRef = CF4E003D1F87C71E004567B3 /* LaunchScreen.storyboard */; };
		CF4E004A1F87C71E004567B3 /* FirstSwiftAppTests.swift in Sources */ = {isa = PBXBuildFile; fileRef = CF4E00491F87C71E004567B3 /* FirstSwiftAppTests.swift */; };
		CF4E00551F87C71E004567B3 /* FirstSwiftAppUITests.swift in Sources */ = {isa = PBXBuildFile; fileRef = CF4E00541F87C71E004567B3 /* FirstSwiftAppUITests.swift */; };
		CF7B765C1F8FB3F70012C785 /* SecondController.swift in Sources */ = {isa = PBXBuildFile; fileRef = CF7B765B1F8FB3F70012C785 /* SecondController.swift */; };
		CF7B765E1F8FB4070012C785 /* ThirdController.swift in Sources */ = {isa = PBXBuildFile; fileRef = CF7B765D1F8FB4070012C785 /* ThirdController.swift */; };
		CF7B76631F8FBEFA0012C785 /* ColorTools.swift in Sources */ = {isa = PBXBuildFile; fileRef = CF7B76621F8FBEFA0012C785 /* ColorTools.swift */; };
		CF82BCA01F97960400F1DD83 /* FourthController.swift in Sources */ = {isa = PBXBuildFile; fileRef = CF82BC9F1F97960400F1DD83 /* FourthController.swift */; };
		CF8306B01F94F7F2005E6C13 /* PageViewController.swift in Sources */ = {isa = PBXBuildFile; fileRef = CF8306AF1F94F7F2005E6C13 /* PageViewController.swift */; };
/* End PBXBuildFile section */

/* Begin PBXContainerItemProxy section */
		CF4E00461F87C71E004567B3 /* PBXContainerItemProxy */ = {
			isa = PBXContainerItemProxy;
			containerPortal = CF4E00291F87C71E004567B3 /* Project object */;
			proxyType = 1;
			remoteGlobalIDString = CF4E00301F87C71E004567B3;
			remoteInfo = FirstSwiftApp;
		};
		CF4E00511F87C71E004567B3 /* PBXContainerItemProxy */ = {
			isa = PBXContainerItemProxy;
			containerPortal = CF4E00291F87C71E004567B3 /* Project object */;
			proxyType = 1;
			remoteGlobalIDString = CF4E00301F87C71E004567B3;
			remoteInfo = FirstSwiftApp;
		};
/* End PBXContainerItemProxy section */

/* Begin PBXFileReference section */
		CF4E00311F87C71E004567B3 /* FirstSwiftApp.app */ = {isa = PBXFileReference; explicitFileType = wrapper.application; includeInIndex = 0; path = FirstSwiftApp.app; sourceTree = BUILT_PRODUCTS_DIR; };
		CF4E00341F87C71E004567B3 /* AppDelegate.swift */ = {isa = PBXFileReference; lastKnownFileType = sourcecode.swift; path = AppDelegate.swift; sourceTree = "<group>"; };
		CF4E00361F87C71E004567B3 /* ViewController.swift */ = {isa = PBXFileReference; lastKnownFileType = sourcecode.swift; path = ViewController.swift; sourceTree = "<group>"; };
		CF4E00391F87C71E004567B3 /* Base */ = {isa = PBXFileReference; lastKnownFileType = file.storyboard; name = Base; path = Base.lproj/Main.storyboard; sourceTree = "<group>"; };
		CF4E003B1F87C71E004567B3 /* Assets.xcassets */ = {isa = PBXFileReference; lastKnownFileType = folder.assetcatalog; path = Assets.xcassets; sourceTree = "<group>"; };
		CF4E003E1F87C71E004567B3 /* Base */ = {isa = PBXFileReference; lastKnownFileType = file.storyboard; name = Base; path = Base.lproj/LaunchScreen.storyboard; sourceTree = "<group>"; };
		CF4E00401F87C71E004567B3 /* Info.plist */ = {isa = PBXFileReference; lastKnownFileType = text.plist.xml; path = Info.plist; sourceTree = "<group>"; };
		CF4E00451F87C71E004567B3 /* FirstSwiftAppTests.xctest */ = {isa = PBXFileReference; explicitFileType = wrapper.cfbundle; includeInIndex = 0; path = FirstSwiftAppTests.xctest; sourceTree = BUILT_PRODUCTS_DIR; };
		CF4E00491F87C71E004567B3 /* FirstSwiftAppTests.swift */ = {isa = PBXFileReference; lastKnownFileType = sourcecode.swift; path = FirstSwiftAppTests.swift; sourceTree = "<group>"; };
		CF4E004B1F87C71E004567B3 /* Info.plist */ = {isa = PBXFileReference; lastKnownFileType = text.plist.xml; path = Info.plist; sourceTree = "<group>"; };
		CF4E00501F87C71E004567B3 /* FirstSwiftAppUITests.xctest */ = {isa = PBXFileReference; explicitFileType = wrapper.cfbundle; includeInIndex = 0; path = FirstSwiftAppUITests.xctest; sourceTree = BUILT_PRODUCTS_DIR; };
		CF4E00541F87C71E004567B3 /* FirstSwiftAppUITests.swift */ = {isa = PBXFileReference; lastKnownFileType = sourcecode.swift; path = FirstSwiftAppUITests.swift; sourceTree = "<group>"; };
		CF4E00561F87C71E004567B3 /* Info.plist */ = {isa = PBXFileReference; lastKnownFileType = text.plist.xml; path = Info.plist; sourceTree = "<group>"; };
		CF7B765B1F8FB3F70012C785 /* SecondController.swift */ = {isa = PBXFileReference; lastKnownFileType = sourcecode.swift; path = SecondController.swift; sourceTree = "<group>"; };
		CF7B765D1F8FB4070012C785 /* ThirdController.swift */ = {isa = PBXFileReference; lastKnownFileType = sourcecode.swift; path = ThirdController.swift; sourceTree = "<group>"; };
		CF7B76621F8FBEFA0012C785 /* ColorTools.swift */ = {isa = PBXFileReference; lastKnownFileType = sourcecode.swift; path = ColorTools.swift; sourceTree = "<group>"; };
		CF82BC9F1F97960400F1DD83 /* FourthController.swift */ = {isa = PBXFileReference; lastKnownFileType = sourcecode.swift; path = FourthController.swift; sourceTree = "<group>"; };
		CF8306AF1F94F7F2005E6C13 /* PageViewController.swift */ = {isa = PBXFileReference; lastKnownFileType = sourcecode.swift; path = PageViewController.swift; sourceTree = "<group>"; };
/* End PBXFileReference section */

/* Begin PBXFrameworksBuildPhase section */
		CF4E002E1F87C71E004567B3 /* Frameworks */ = {
			isa = PBXFrameworksBuildPhase;
			buildActionMask = 2147483647;
			files = (
			);
			runOnlyForDeploymentPostprocessing = 0;
		};
		CF4E00421F87C71E004567B3 /* Frameworks */ = {
			isa = PBXFrameworksBuildPhase;
			buildActionMask = 2147483647;
			files = (
			);
			runOnlyForDeploymentPostprocessing = 0;
		};
		CF4E004D1F87C71E004567B3 /* Frameworks */ = {
			isa = PBXFrameworksBuildPhase;
			buildActionMask = 2147483647;
			files = (
			);
			runOnlyForDeploymentPostprocessing = 0;
		};
/* End PBXFrameworksBuildPhase section */

/* Begin PBXGroup section */
		CF4E00281F87C71E004567B3 = {
			isa = PBXGroup;
			children = (
				CF4E00331F87C71E004567B3 /* FirstSwiftApp */,
				CF4E00481F87C71E004567B3 /* FirstSwiftAppTests */,
				CF4E00531F87C71E004567B3 /* FirstSwiftAppUITests */,
				CF4E00321F87C71E004567B3 /* Products */,
			);
			sourceTree = "<group>";
		};
		CF4E00321F87C71E004567B3 /* Products */ = {
			isa = PBXGroup;
			children = (
				CF4E00311F87C71E004567B3 /* FirstSwiftApp.app */,
				CF4E00451F87C71E004567B3 /* FirstSwiftAppTests.xctest */,
				CF4E00501F87C71E004567B3 /* FirstSwiftAppUITests.xctest */,
			);
			name = Products;
			sourceTree = "<group>";
		};
		CF4E00331F87C71E004567B3 /* FirstSwiftApp */ = {
			isa = PBXGroup;
			children = (
				CF7B76611F8FBEC60012C785 /* View */,
				CF7B76601F8FBEC00012C785 /* Controller */,
				CF7B765F1F8FBEA50012C785 /* Model */,
				CF4E00341F87C71E004567B3 /* AppDelegate.swift */,
				CF4E003B1F87C71E004567B3 /* Assets.xcassets */,
				CF4E00401F87C71E004567B3 /* Info.plist */,
			);
			path = FirstSwiftApp;
			sourceTree = "<group>";
		};
		CF4E00481F87C71E004567B3 /* FirstSwiftAppTests */ = {
			isa = PBXGroup;
			children = (
				CF4E00491F87C71E004567B3 /* FirstSwiftAppTests.swift */,
				CF4E004B1F87C71E004567B3 /* Info.plist */,
			);
			path = FirstSwiftAppTests;
			sourceTree = "<group>";
		};
		CF4E00531F87C71E004567B3 /* FirstSwiftAppUITests */ = {
			isa = PBXGroup;
			children = (
				CF4E00541F87C71E004567B3 /* FirstSwiftAppUITests.swift */,
				CF4E00561F87C71E004567B3 /* Info.plist */,
			);
			path = FirstSwiftAppUITests;
			sourceTree = "<group>";
		};
		CF7B765F1F8FBEA50012C785 /* Model */ = {
			isa = PBXGroup;
			children = (
				CF7B76621F8FBEFA0012C785 /* ColorTools.swift */,
			);
			path = Model;
			sourceTree = "<group>";
		};
		CF7B76601F8FBEC00012C785 /* Controller */ = {
			isa = PBXGroup;
			children = (
				CF4E00361F87C71E004567B3 /* ViewController.swift */,
				CF7B765B1F8FB3F70012C785 /* SecondController.swift */,
				CF7B765D1F8FB4070012C785 /* ThirdController.swift */,
				CF8306AF1F94F7F2005E6C13 /* PageViewController.swift */,
				CF82BC9F1F97960400F1DD83 /* FourthController.swift */,
			);
			path = Controller;
			sourceTree = "<group>";
		};
		CF7B76611F8FBEC60012C785 /* View */ = {
			isa = PBXGroup;
			children = (
				CF4E003D1F87C71E004567B3 /* LaunchScreen.storyboard */,
				CF4E00381F87C71E004567B3 /* Main.storyboard */,
			);
			path = View;
			sourceTree = "<group>";
		};
/* End PBXGroup section */

/* Begin PBXNativeTarget section */
		CF4E00301F87C71E004567B3 /* FirstSwiftApp */ = {
			isa = PBXNativeTarget;
			buildConfigurationList = CF4E00591F87C71E004567B3 /* Build configuration list for PBXNativeTarget "FirstSwiftApp" */;
			buildPhases = (
				CF4E002D1F87C71E004567B3 /* Sources */,
				CF4E002E1F87C71E004567B3 /* Frameworks */,
				CF4E002F1F87C71E004567B3 /* Resources */,
			);
			buildRules = (
			);
			dependencies = (
			);
			name = FirstSwiftApp;
			productName = FirstSwiftApp;
			productReference = CF4E00311F87C71E004567B3 /* FirstSwiftApp.app */;
			productType = "com.apple.product-type.application";
		};
		CF4E00441F87C71E004567B3 /* FirstSwiftAppTests */ = {
			isa = PBXNativeTarget;
			buildConfigurationList = CF4E005C1F87C71E004567B3 /* Build configuration list for PBXNativeTarget "FirstSwiftAppTests" */;
			buildPhases = (
				CF4E00411F87C71E004567B3 /* Sources */,
				CF4E00421F87C71E004567B3 /* Frameworks */,
				CF4E00431F87C71E004567B3 /* Resources */,
			);
			buildRules = (
			);
			dependencies = (
				CF4E00471F87C71E004567B3 /* PBXTargetDependency */,
			);
			name = FirstSwiftAppTests;
			productName = FirstSwiftAppTests;
			productReference = CF4E00451F87C71E004567B3 /* FirstSwiftAppTests.xctest */;
			productType = "com.apple.product-type.bundle.unit-test";
		};
		CF4E004F1F87C71E004567B3 /* FirstSwiftAppUITests */ = {
			isa = PBXNativeTarget;
			buildConfigurationList = CF4E005F1F87C71E004567B3 /* Build configuration list for PBXNativeTarget "FirstSwiftAppUITests" */;
			buildPhases = (
				CF4E004C1F87C71E004567B3 /* Sources */,
				CF4E004D1F87C71E004567B3 /* Frameworks */,
				CF4E004E1F87C71E004567B3 /* Resources */,
			);
			buildRules = (
			);
			dependencies = (
				CF4E00521F87C71E004567B3 /* PBXTargetDependency */,
			);
			name = FirstSwiftAppUITests;
			productName = FirstSwiftAppUITests;
			productReference = CF4E00501F87C71E004567B3 /* FirstSwiftAppUITests.xctest */;
			productType = "com.apple.product-type.bundle.ui-testing";
		};
/* End PBXNativeTarget section */

/* Begin PBXProject section */
		CF4E00291F87C71E004567B3 /* Project object */ = {
			isa = PBXProject;
			attributes = {
				LastSwiftUpdateCheck = 0900;
				LastUpgradeCheck = 0900;
				ORGANIZATIONNAME = "Hammond, Jacob";
				TargetAttributes = {
					CF4E00301F87C71E004567B3 = {
						CreatedOnToolsVersion = 9.0;
						ProvisioningStyle = Automatic;
					};
					CF4E00441F87C71E004567B3 = {
						CreatedOnToolsVersion = 9.0;
						ProvisioningStyle = Automatic;
						TestTargetID = CF4E00301F87C71E004567B3;
					};
					CF4E004F1F87C71E004567B3 = {
						CreatedOnToolsVersion = 9.0;
						ProvisioningStyle = Automatic;
						TestTargetID = CF4E00301F87C71E004567B3;
					};
				};
			};
			buildConfigurationList = CF4E002C1F87C71E004567B3 /* Build configuration list for PBXProject "FirstSwiftApp" */;
			compatibilityVersion = "Xcode 8.0";
			developmentRegion = en;
			hasScannedForEncodings = 0;
			knownRegions = (
				en,
				Base,
			);
			mainGroup = CF4E00281F87C71E004567B3;
			productRefGroup = CF4E00321F87C71E004567B3 /* Products */;
			projectDirPath = "";
			projectRoot = "";
			targets = (
				CF4E00301F87C71E004567B3 /* FirstSwiftApp */,
				CF4E00441F87C71E004567B3 /* FirstSwiftAppTests */,
				CF4E004F1F87C71E004567B3 /* FirstSwiftAppUITests */,
			);
		};
/* End PBXProject section */

/* Begin PBXResourcesBuildPhase section */
		CF4E002F1F87C71E004567B3 /* Resources */ = {
			isa = PBXResourcesBuildPhase;
			buildActionMask = 2147483647;
			files = (
				CF4E003F1F87C71E004567B3 /* LaunchScreen.storyboard in Resources */,
				CF4E003C1F87C71E004567B3 /* Assets.xcassets in Resources */,
				CF4E003A1F87C71E004567B3 /* Main.storyboard in Resources */,
			);
			runOnlyForDeploymentPostprocessing = 0;
		};
		CF4E00431F87C71E004567B3 /* Resources */ = {
			isa = PBXResourcesBuildPhase;
			buildActionMask = 2147483647;
			files = (
			);
			runOnlyForDeploymentPostprocessing = 0;
		};
		CF4E004E1F87C71E004567B3 /* Resources */ = {
			isa = PBXResourcesBuildPhase;
			buildActionMask = 2147483647;
			files = (
			);
			runOnlyForDeploymentPostprocessing = 0;
		};
/* End PBXResourcesBuildPhase section */

/* Begin PBXSourcesBuildPhase section */
		CF4E002D1F87C71E004567B3 /* Sources */ = {
			isa = PBXSourcesBuildPhase;
			buildActionMask = 2147483647;
			files = (
				CF82BCA01F97960400F1DD83 /* FourthController.swift in Sources */,
				CF7B765C1F8FB3F70012C785 /* SecondController.swift in Sources */,
				CF4E00371F87C71E004567B3 /* ViewController.swift in Sources */,
				CF4E00351F87C71E004567B3 /* AppDelegate.swift in Sources */,
				CF8306B01F94F7F2005E6C13 /* PageViewController.swift in Sources */,
				CF7B765E1F8FB4070012C785 /* ThirdController.swift in Sources */,
				CF7B76631F8FBEFA0012C785 /* ColorTools.swift in Sources */,
			);
			runOnlyForDeploymentPostprocessing = 0;
		};
		CF4E00411F87C71E004567B3 /* Sources */ = {
			isa = PBXSourcesBuildPhase;
			buildActionMask = 2147483647;
			files = (
				CF4E004A1F87C71E004567B3 /* FirstSwiftAppTests.swift in Sources */,
			);
			runOnlyForDeploymentPostprocessing = 0;
		};
		CF4E004C1F87C71E004567B3 /* Sources */ = {
			isa = PBXSourcesBuildPhase;
			buildActionMask = 2147483647;
			files = (
				CF4E00551F87C71E004567B3 /* FirstSwiftAppUITests.swift in Sources */,
			);
			runOnlyForDeploymentPostprocessing = 0;
		};
/* End PBXSourcesBuildPhase section */

/* Begin PBXTargetDependency section */
		CF4E00471F87C71E004567B3 /* PBXTargetDependency */ = {
			isa = PBXTargetDependency;
			target = CF4E00301F87C71E004567B3 /* FirstSwiftApp */;
			targetProxy = CF4E00461F87C71E004567B3 /* PBXContainerItemProxy */;
		};
		CF4E00521F87C71E004567B3 /* PBXTargetDependency */ = {
			isa = PBXTargetDependency;
			target = CF4E00301F87C71E004567B3 /* FirstSwiftApp */;
			targetProxy = CF4E00511F87C71E004567B3 /* PBXContainerItemProxy */;
		};
/* End PBXTargetDependency section */

/* Begin PBXVariantGroup section */
		CF4E00381F87C71E004567B3 /* Main.storyboard */ = {
			isa = PBXVariantGroup;
			children = (
				CF4E00391F87C71E004567B3 /* Base */,
			);
			name = Main.storyboard;
			sourceTree = "<group>";
		};
		CF4E003D1F87C71E004567B3 /* LaunchScreen.storyboard */ = {
			isa = PBXVariantGroup;
			children = (
				CF4E003E1F87C71E004567B3 /* Base */,
			);
			name = LaunchScreen.storyboard;
			sourceTree = "<group>";
		};
/* End PBXVariantGroup section */

/* Begin XCBuildConfiguration section */
		CF4E00571F87C71E004567B3 /* Debug */ = {
			isa = XCBuildConfiguration;
			buildSettings = {
				ALWAYS_SEARCH_USER_PATHS = NO;
				CLANG_ANALYZER_NONNULL = YES;
				CLANG_ANALYZER_NUMBER_OBJECT_CONVERSION = YES_AGGRESSIVE;
				CLANG_CXX_LANGUAGE_STANDARD = "gnu++14";
				CLANG_CXX_LIBRARY = "libc++";
				CLANG_ENABLE_MODULES = YES;
				CLANG_ENABLE_OBJC_ARC = YES;
				CLANG_WARN_BLOCK_CAPTURE_AUTORELEASING = YES;
				CLANG_WARN_BOOL_CONVERSION = YES;
				CLANG_WARN_COMMA = YES;
				CLANG_WARN_CONSTANT_CONVERSION = YES;
				CLANG_WARN_DIRECT_OBJC_ISA_USAGE = YES_ERROR;
				CLANG_WARN_DOCUMENTATION_COMMENTS = YES;
				CLANG_WARN_EMPTY_BODY = YES;
				CLANG_WARN_ENUM_CONVERSION = YES;
				CLANG_WARN_INFINITE_RECURSION = YES;
				CLANG_WARN_INT_CONVERSION = YES;
				CLANG_WARN_NON_LITERAL_NULL_CONVERSION = YES;
				CLANG_WARN_OBJC_LITERAL_CONVERSION = YES;
				CLANG_WARN_OBJC_ROOT_CLASS = YES_ERROR;
				CLANG_WARN_RANGE_LOOP_ANALYSIS = YES;
				CLANG_WARN_STRICT_PROTOTYPES = YES;
				CLANG_WARN_SUSPICIOUS_MOVE = YES;
				CLANG_WARN_UNGUARDED_AVAILABILITY = YES_AGGRESSIVE;
				CLANG_WARN_UNREACHABLE_CODE = YES;
				CLANG_WARN__DUPLICATE_METHOD_MATCH = YES;
				CODE_SIGN_IDENTITY = "iPhone Developer";
				COPY_PHASE_STRIP = NO;
				DEBUG_INFORMATION_FORMAT = dwarf;
				ENABLE_STRICT_OBJC_MSGSEND = YES;
				ENABLE_TESTABILITY = YES;
				GCC_C_LANGUAGE_STANDARD = gnu11;
				GCC_DYNAMIC_NO_PIC = NO;
				GCC_NO_COMMON_BLOCKS = YES;
				GCC_OPTIMIZATION_LEVEL = 0;
				GCC_PREPROCESSOR_DEFINITIONS = (
					"DEBUG=1",
					"$(inherited)",
				);
				GCC_WARN_64_TO_32_BIT_CONVERSION = YES;
				GCC_WARN_ABOUT_RETURN_TYPE = YES_ERROR;
				GCC_WARN_UNDECLARED_SELECTOR = YES;
				GCC_WARN_UNINITIALIZED_AUTOS = YES_AGGRESSIVE;
				GCC_WARN_UNUSED_FUNCTION = YES;
				GCC_WARN_UNUSED_VARIABLE = YES;
				IPHONEOS_DEPLOYMENT_TARGET = 11.0;
				MTL_ENABLE_DEBUG_INFO = YES;
				ONLY_ACTIVE_ARCH = YES;
				SDKROOT = iphoneos;
				SWIFT_ACTIVE_COMPILATION_CONDITIONS = DEBUG;
				SWIFT_OPTIMIZATION_LEVEL = "-Onone";
			};
			name = Debug;
		};
		CF4E00581F87C71E004567B3 /* Release */ = {
			isa = XCBuildConfiguration;
			buildSettings = {
				ALWAYS_SEARCH_USER_PATHS = NO;
				CLANG_ANALYZER_NONNULL = YES;
				CLANG_ANALYZER_NUMBER_OBJECT_CONVERSION = YES_AGGRESSIVE;
				CLANG_CXX_LANGUAGE_STANDARD = "gnu++14";
				CLANG_CXX_LIBRARY = "libc++";
				CLANG_ENABLE_MODULES = YES;
				CLANG_ENABLE_OBJC_ARC = YES;
				CLANG_WARN_BLOCK_CAPTURE_AUTORELEASING = YES;
				CLANG_WARN_BOOL_CONVERSION = YES;
				CLANG_WARN_COMMA = YES;
				CLANG_WARN_CONSTANT_CONVERSION = YES;
				CLANG_WARN_DIRECT_OBJC_ISA_USAGE = YES_ERROR;
				CLANG_WARN_DOCUMENTATION_COMMENTS = YES;
				CLANG_WARN_EMPTY_BODY = YES;
				CLANG_WARN_ENUM_CONVERSION = YES;
				CLANG_WARN_INFINITE_RECURSION = YES;
				CLANG_WARN_INT_CONVERSION = YES;
				CLANG_WARN_NON_LITERAL_NULL_CONVERSION = YES;
				CLANG_WARN_OBJC_LITERAL_CONVERSION = YES;
				CLANG_WARN_OBJC_ROOT_CLASS = YES_ERROR;
				CLANG_WARN_RANGE_LOOP_ANALYSIS = YES;
				CLANG_WARN_STRICT_PROTOTYPES = YES;
				CLANG_WARN_SUSPICIOUS_MOVE = YES;
				CLANG_WARN_UNGUARDED_AVAILABILITY = YES_AGGRESSIVE;
				CLANG_WARN_UNREACHABLE_CODE = YES;
				CLANG_WARN__DUPLICATE_METHOD_MATCH = YES;
				CODE_SIGN_IDENTITY = "iPhone Developer";
				COPY_PHASE_STRIP = NO;
				DEBUG_INFORMATION_FORMAT = "dwarf-with-dsym";
				ENABLE_NS_ASSERTIONS = NO;
				ENABLE_STRICT_OBJC_MSGSEND = YES;
				GCC_C_LANGUAGE_STANDARD = gnu11;
				GCC_NO_COMMON_BLOCKS = YES;
				GCC_WARN_64_TO_32_BIT_CONVERSION = YES;
				GCC_WARN_ABOUT_RETURN_TYPE = YES_ERROR;
				GCC_WARN_UNDECLARED_SELECTOR = YES;
				GCC_WARN_UNINITIALIZED_AUTOS = YES_AGGRESSIVE;
				GCC_WARN_UNUSED_FUNCTION = YES;
				GCC_WARN_UNUSED_VARIABLE = YES;
				IPHONEOS_DEPLOYMENT_TARGET = 11.0;
				MTL_ENABLE_DEBUG_INFO = NO;
				SDKROOT = iphoneos;
				SWIFT_OPTIMIZATION_LEVEL = "-Owholemodule";
				VALIDATE_PRODUCT = YES;
			};
			name = Release;
		};
		CF4E005A1F87C71E004567B3 /* Debug */ = {
			isa = XCBuildConfiguration;
			buildSettings = {
				ASSETCATALOG_COMPILER_APPICON_NAME = AppIcon;
				CODE_SIGN_STYLE = Automatic;
				INFOPLIST_FILE = FirstSwiftApp/Info.plist;
				LD_RUNPATH_SEARCH_PATHS = "$(inherited) @executable_path/Frameworks";
				PRODUCT_BUNDLE_IDENTIFIER = CTEC.FirstSwiftApp;
				PRODUCT_NAME = "$(TARGET_NAME)";
				SWIFT_VERSION = 4.0;
				TARGETED_DEVICE_FAMILY = "1,2";
			};
			name = Debug;
		};
		CF4E005B1F87C71E004567B3 /* Release */ = {
			isa = XCBuildConfiguration;
			buildSettings = {
				ASSETCATALOG_COMPILER_APPICON_NAME = AppIcon;
				CODE_SIGN_STYLE = Automatic;
				INFOPLIST_FILE = FirstSwiftApp/Info.plist;
				LD_RUNPATH_SEARCH_PATHS = "$(inherited) @executable_path/Frameworks";
				PRODUCT_BUNDLE_IDENTIFIER = CTEC.FirstSwiftApp;
				PRODUCT_NAME = "$(TARGET_NAME)";
				SWIFT_VERSION = 4.0;
				TARGETED_DEVICE_FAMILY = "1,2";
			};
			name = Release;
		};
		CF4E005D1F87C71E004567B3 /* Debug */ = {
			isa = XCBuildConfiguration;
			buildSettings = {
				ALWAYS_EMBED_SWIFT_STANDARD_LIBRARIES = YES;
				BUNDLE_LOADER = "$(TEST_HOST)";
				CODE_SIGN_STYLE = Automatic;
				INFOPLIST_FILE = FirstSwiftAppTests/Info.plist;
				LD_RUNPATH_SEARCH_PATHS = "$(inherited) @executable_path/Frameworks @loader_path/Frameworks";
				PRODUCT_BUNDLE_IDENTIFIER = CTEC.FirstSwiftAppTests;
				PRODUCT_NAME = "$(TARGET_NAME)";
				SWIFT_VERSION = 4.0;
				TARGETED_DEVICE_FAMILY = "1,2";
				TEST_HOST = "$(BUILT_PRODUCTS_DIR)/FirstSwiftApp.app/FirstSwiftApp";
			};
			name = Debug;
		};
		CF4E005E1F87C71E004567B3 /* Release */ = {
			isa = XCBuildConfiguration;
			buildSettings = {
				ALWAYS_EMBED_SWIFT_STANDARD_LIBRARIES = YES;
				BUNDLE_LOADER = "$(TEST_HOST)";
				CODE_SIGN_STYLE = Automatic;
				INFOPLIST_FILE = FirstSwiftAppTests/Info.plist;
				LD_RUNPATH_SEARCH_PATHS = "$(inherited) @executable_path/Frameworks @loader_path/Frameworks";
				PRODUCT_BUNDLE_IDENTIFIER = CTEC.FirstSwiftAppTests;
				PRODUCT_NAME = "$(TARGET_NAME)";
				SWIFT_VERSION = 4.0;
				TARGETED_DEVICE_FAMILY = "1,2";
				TEST_HOST = "$(BUILT_PRODUCTS_DIR)/FirstSwiftApp.app/FirstSwiftApp";
			};
			name = Release;
		};
		CF4E00601F87C71E004567B3 /* Debug */ = {
			isa = XCBuildConfiguration;
			buildSettings = {
				ALWAYS_EMBED_SWIFT_STANDARD_LIBRARIES = YES;
				CODE_SIGN_STYLE = Automatic;
				INFOPLIST_FILE = FirstSwiftAppUITests/Info.plist;
				LD_RUNPATH_SEARCH_PATHS = "$(inherited) @executable_path/Frameworks @loader_path/Frameworks";
				PRODUCT_BUNDLE_IDENTIFIER = CTEC.FirstSwiftAppUITests;
				PRODUCT_NAME = "$(TARGET_NAME)";
				SWIFT_VERSION = 4.0;
				TARGETED_DEVICE_FAMILY = "1,2";
				TEST_TARGET_NAME = FirstSwiftApp;
			};
			name = Debug;
		};
		CF4E00611F87C71E004567B3 /* Release */ = {
			isa = XCBuildConfiguration;
			buildSettings = {
				ALWAYS_EMBED_SWIFT_STANDARD_LIBRARIES = YES;
				CODE_SIGN_STYLE = Automatic;
				INFOPLIST_FILE = FirstSwiftAppUITests/Info.plist;
				LD_RUNPATH_SEARCH_PATHS = "$(inherited) @executable_path/Frameworks @loader_path/Frameworks";
				PRODUCT_BUNDLE_IDENTIFIER = CTEC.FirstSwiftAppUITests;
				PRODUCT_NAME = "$(TARGET_NAME)";
				SWIFT_VERSION = 4.0;
				TARGETED_DEVICE_FAMILY = "1,2";
				TEST_TARGET_NAME = FirstSwiftApp;
			};
			name = Release;
		};
/* End XCBuildConfiguration section */

/* Begin XCConfigurationList section */
		CF4E002C1F87C71E004567B3 /* Build configuration list for PBXProject "FirstSwiftApp" */ = {
			isa = XCConfigurationList;
			buildConfigurations = (
				CF4E00571F87C71E004567B3 /* Debug */,
				CF4E00581F87C71E004567B3 /* Release */,
			);
			defaultConfigurationIsVisible = 0;
			defaultConfigurationName = Release;
		};
		CF4E00591F87C71E004567B3 /* Build configuration list for PBXNativeTarget "FirstSwiftApp" */ = {
			isa = XCConfigurationList;
			buildConfigurations = (
				CF4E005A1F87C71E004567B3 /* Debug */,
				CF4E005B1F87C71E004567B3 /* Release */,
			);
			defaultConfigurationIsVisible = 0;
			defaultConfigurationName = Release;
		};
		CF4E005C1F87C71E004567B3 /* Build configuration list for PBXNativeTarget "FirstSwiftAppTests" */ = {
			isa = XCConfigurationList;
			buildConfigurations = (
				CF4E005D1F87C71E004567B3 /* Debug */,
				CF4E005E1F87C71E004567B3 /* Release */,
			);
			defaultConfigurationIsVisible = 0;
			defaultConfigurationName = Release;
		};
		CF4E005F1F87C71E004567B3 /* Build configuration list for PBXNativeTarget "FirstSwiftAppUITests" */ = {
			isa = XCConfigurationList;
			buildConfigurations = (
				CF4E00601F87C71E004567B3 /* Debug */,
				CF4E00611F87C71E004567B3 /* Release */,
			);
			defaultConfigurationIsVisible = 0;
			defaultConfigurationName = Release;
		};
/* End XCConfigurationList section */
	};
	rootObject = CF4E00291F87C71E004567B3 /* Project object */;
}
